PODS:
  - Flutter (1.0.0)
  - flutter_sodium (0.0.1):
    - Flutter

DEPENDENCIES:
  - Flutter (from `Flutter`)
  - flutter_sodium (from `.symlinks/plugins/flutter_sodium/ios`)

EXTERNAL SOURCES:
  Flutter:
    :path: Flutter
  flutter_sodium:
    :path: ".symlinks/plugins/flutter_sodium/ios"

SPEC CHECKSUMS:
  Flutter: 434fef37c0980e73bb6479ef766c45957d4b510c
  flutter_sodium: c84426b4de738514b5b66cfdeb8a06634e72fe0b

PODFILE CHECKSUM: aafe91acc616949ddb318b77800a7f51bffa2a4c

COCOAPODS: 1.11.2
